// !$*UTF8*$!
{
	archiveVersion = 1;
	classes = {
	};
	objectVersion = 77;
	objects = {

/* Begin PBXBuildFile section */
		4B3F73C52F8A834500406292 /* PinScreen.swift in Sources */ = {isa = PBXBuildFile; fileRef = 4B3F73C42F8A834500406292 /* PinScreen.swift */; };
		4B3F73D62F8A8B8F00406292 /* AuthenticationService.swift in Sources */ = {isa = PBXBuildFile; fileRef = 4B3F73D52F8A8B8F00406292 /* AuthenticationService.swift */; };
		4B3F73DA2F8A8D9200406292 /* AppCoordinator.swift in Sources */ = {isa = PBXBuildFile; fileRef = 4B3F73D92F8A8D9200406292 /* AppCoordinator.swift */; };
		4B3F73DC2F8A8DBA00406292 /* UnauthenticatedCoordinator.swift in Sources */ = {isa = PBXBuildFile; fileRef = 4B3F73DB2F8A8DBA00406292 /* UnauthenticatedCoordinator.swift */; };
		4B3F73DF2F8A8F1C00406292 /* AuthenticatedCoordinator.swift in Sources */ = {isa = PBXBuildFile; fileRef = 4B3F73DE2F8A8F1C00406292 /* AuthenticatedCoordinator.swift */; };
		4B3F73E22F8A909100406292 /* HomeScreen.swift in Sources */ = {isa = PBXBuildFile; fileRef = 4B3F73E12F8A909100406292 /* HomeScreen.swift */; };
		4B3F73E52F8A91F500406292 /* SplashScreen.swift in Sources */ = {isa = PBXBuildFile; fileRef = 4B3F73E42F8A91F500406292 /* SplashScreen.swift */; };
		84CE15432F890F59000E9552 /* AppButton.swift in Sources */ = {isa = PBXBuildFile; fileRef = 84CE15422F890F59000E9552 /* AppButton.swift */; };
		84CE15462F89118C000E9552 /* AppBackgroundModifier.swift in Sources */ = {isa = PBXBuildFile; fileRef = 84CE15452F89118C000E9552 /* AppBackgroundModifier.swift */; };
		84CE15492F891277000E9552 /* CustomSheet.swift in Sources */ = {isa = PBXBuildFile; fileRef = 84CE15482F891277000E9552 /* CustomSheet.swift */; };
		84CE15512F89148C000E9552 /* LogInScreen.swift in Sources */ = {isa = PBXBuildFile; fileRef = 84CE15502F89148C000E9552 /* LogInScreen.swift */; };
		84CE15542F8914A6000E9552 /* VerificationScreen.swift in Sources */ = {isa = PBXBuildFile; fileRef = 84CE15532F8914A6000E9552 /* VerificationScreen.swift */; };
		84D233F12F865BC800C7DE80 /* LanguageOnboardingScreen.swift in Sources */ = {isa = PBXBuildFile; fileRef = 84D233EE2F865BC800C7DE80 /* LanguageOnboardingScreen.swift */; };
		84D233F22F865BC800C7DE80 /* DonaApp.swift in Sources */ = {isa = PBXBuildFile; fileRef = 84D233EF2F865BC800C7DE80 /* DonaApp.swift */; };
		84D233F32F865BC800C7DE80 /* Assets.xcassets in Resources */ = {isa = PBXBuildFile; fileRef = 84D233ED2F865BC800C7DE80 /* Assets.xcassets */; };
		84D233F62F865CFF00C7DE80 /* CombineMoya in Frameworks */ = {isa = PBXBuildFile; productRef = 84D233F52F865CFF00C7DE80 /* CombineMoya */; };
		84D233F82F865CFF00C7DE80 /* Moya in Frameworks */ = {isa = PBXBuildFile; productRef = 84D233F72F865CFF00C7DE80 /* Moya */; };
		84D233FA2F865CFF00C7DE80 /* ReactiveMoya in Frameworks */ = {isa = PBXBuildFile; productRef = 84D233F92F865CFF00C7DE80 /* ReactiveMoya */; };
		84D233FC2F865CFF00C7DE80 /* RxMoya in Frameworks */ = {isa = PBXBuildFile; productRef = 84D233FB2F865CFF00C7DE80 /* RxMoya */; };
		84D233FF2F865D3100C7DE80 /* Lottie in Frameworks */ = {isa = PBXBuildFile; productRef = 84D233FE2F865D3100C7DE80 /* Lottie */; };
		84D234022F865D7500C7DE80 /* KeychainSwift in Frameworks */ = {isa = PBXBuildFile; productRef = 84D234012F865D7500C7DE80 /* KeychainSwift */; };
		84D234052F865E2C00C7DE80 /* FlowStacks in Frameworks */ = {isa = PBXBuildFile; productRef = 84D234042F865E2C00C7DE80 /* FlowStacks */; };
		84D234082F865F8800C7DE80 /* AppFont.swift in Sources */ = {isa = PBXBuildFile; fileRef = 84D234072F865F8800C7DE80 /* AppFont.swift */; };
		84D2340B2F86627900C7DE80 /* Token.swift in Sources */ = {isa = PBXBuildFile; fileRef = 84D2340A2F86627900C7DE80 /* Token.swift */; };
		84D2340D2F8662A400C7DE80 /* AppTheme.swift in Sources */ = {isa = PBXBuildFile; fileRef = 84D2340C2F8662A400C7DE80 /* AppTheme.swift */; };
		84DBE03E2F8E543900B44EA9 /* CardShadow.swift in Sources */ = {isa = PBXBuildFile; fileRef = 84DBE03D2F8E543900B44EA9 /* CardShadow.swift */; };
		84DBE0402F8E629B00B44EA9 /* CommunityFundCard.swift in Sources */ = {isa = PBXBuildFile; fileRef = 84DBE03F2F8E629B00B44EA9 /* CommunityFundCard.swift */; };
		84DBE0422F8E62AC00B44EA9 /* QuickPayCard.swift in Sources */ = {isa = PBXBuildFile; fileRef = 84DBE0412F8E62AC00B44EA9 /* QuickPayCard.swift */; };
		84F0EFDB2F8F638B00DD98C5 /* NotificationsScreen.swift in Sources */ = {isa = PBXBuildFile; fileRef = 84F0EFDA2F8F638B00DD98C5 /* NotificationsScreen.swift */; };
		84F0EFDE2F8F915800DD98C5 /* ActivityScreen.swift in Sources */ = {isa = PBXBuildFile; fileRef = 84F0EFDD2F8F915800DD98C5 /* ActivityScreen.swift */; };
		84F0EFE02F8F93E200DD98C5 /* HomeCoordinator.swift in Sources */ = {isa = PBXBuildFile; fileRef = 84F0EFDF2F8F93E200DD98C5 /* HomeCoordinator.swift */; };
/* End PBXBuildFile section */

/* Begin PBXContainerItemProxy section */
		84D233D12F865B8400C7DE80 /* PBXContainerItemProxy */ = {
			isa = PBXContainerItemProxy;
			containerPortal = 84D233BB2F865B8300C7DE80 /* Project object */;
			proxyType = 1;
			remoteGlobalIDString = 84D233C22F865B8300C7DE80;
			remoteInfo = Dona;
		};
		84D233DB2F865B8400C7DE80 /* PBXContainerItemProxy */ = {
			isa = PBXContainerItemProxy;
			containerPortal = 84D233BB2F865B8300C7DE80 /* Project object */;
			proxyType = 1;
			remoteGlobalIDString = 84D233C22F865B8300C7DE80;
			remoteInfo = Dona;
		};
/* End PBXContainerItemProxy section */

/* Begin PBXFileReference section */
		4B3F73C42F8A834500406292 /* PinScreen.swift */ = {isa = PBXFileReference; lastKnownFileType = sourcecode.swift; path = PinScreen.swift; sourceTree = "<group>"; };
		4B3F73D52F8A8B8F00406292 /* AuthenticationService.swift */ = {isa = PBXFileReference; lastKnownFileType = sourcecode.swift; path = AuthenticationService.swift; sourceTree = "<group>"; };
		4B3F73D92F8A8D9200406292 /* AppCoordinator.swift */ = {isa = PBXFileReference; lastKnownFileType = sourcecode.swift; path = AppCoordinator.swift; sourceTree = "<group>"; };
		4B3F73DB2F8A8DBA00406292 /* UnauthenticatedCoordinator.swift */ = {isa = PBXFileReference; lastKnownFileType = sourcecode.swift; path = UnauthenticatedCoordinator.swift; sourceTree = "<group>"; };
		4B3F73DE2F8A8F1C00406292 /* AuthenticatedCoordinator.swift */ = {isa = PBXFileReference; lastKnownFileType = sourcecode.swift; path = AuthenticatedCoordinator.swift; sourceTree = "<group>"; };
		4B3F73E12F8A909100406292 /* HomeScreen.swift */ = {isa = PBXFileReference; lastKnownFileType = sourcecode.swift; path = HomeScreen.swift; sourceTree = "<group>"; };
		4B3F73E42F8A91F500406292 /* SplashScreen.swift */ = {isa = PBXFileReference; lastKnownFileType = sourcecode.swift; path = SplashScreen.swift; sourceTree = "<group>"; };
		84CE15422F890F59000E9552 /* AppButton.swift */ = {isa = PBXFileReference; lastKnownFileType = sourcecode.swift; path = AppButton.swift; sourceTree = "<group>"; };
		84CE15452F89118C000E9552 /* AppBackgroundModifier.swift */ = {isa = PBXFileReference; lastKnownFileType = sourcecode.swift; path = AppBackgroundModifier.swift; sourceTree = "<group>"; };
		84CE15482F891277000E9552 /* CustomSheet.swift */ = {isa = PBXFileReference; lastKnownFileType = sourcecode.swift; path = CustomSheet.swift; sourceTree = "<group>"; };
		84CE15502F89148C000E9552 /* LogInScreen.swift */ = {isa = PBXFileReference; lastKnownFileType = sourcecode.swift; path = LogInScreen.swift; sourceTree = "<group>"; };
		84CE15532F8914A6000E9552 /* VerificationScreen.swift */ = {isa = PBXFileReference; lastKnownFileType = sourcecode.swift; path = VerificationScreen.swift; sourceTree = "<group>"; };
		84CE15552F892226000E9552 /* Info.plist */ = {isa = PBXFileReference; lastKnownFileType = text.plist; path = Info.plist; sourceTree = "<group>"; };
		84D233C32F865B8300C7DE80 /* Dona.app */ = {isa = PBXFileReference; explicitFileType = wrapper.application; includeInIndex = 0; path = Dona.app; sourceTree = BUILT_PRODUCTS_DIR; };
		84D233D02F865B8400C7DE80 /* DonaTests.xctest */ = {isa = PBXFileReference; explicitFileType = wrapper.cfbundle; includeInIndex = 0; path = DonaTests.xctest; sourceTree = BUILT_PRODUCTS_DIR; };
		84D233DA2F865B8400C7DE80 /* DonaUITests.xctest */ = {isa = PBXFileReference; explicitFileType = wrapper.cfbundle; includeInIndex = 0; path = DonaUITests.xctest; sourceTree = BUILT_PRODUCTS_DIR; };
		84D233ED2F865BC800C7DE80 /* Assets.xcassets */ = {isa = PBXFileReference; lastKnownFileType = folder.assetcatalog; path = Assets.xcassets; sourceTree = "<group>"; };
		84D233EE2F865BC800C7DE80 /* LanguageOnboardingScreen.swift */ = {isa = PBXFileReference; lastKnownFileType = sourcecode.swift; path = LanguageOnboardingScreen.swift; sourceTree = "<group>"; };
		84D233EF2F865BC800C7DE80 /* DonaApp.swift */ = {isa = PBXFileReference; lastKnownFileType = sourcecode.swift; path = DonaApp.swift; sourceTree = "<group>"; };
		84D234072F865F8800C7DE80 /* AppFont.swift */ = {isa = PBXFileReference; lastKnownFileType = sourcecode.swift; path = AppFont.swift; sourceTree = "<group>"; };
		84D2340A2F86627900C7DE80 /* Token.swift */ = {isa = PBXFileReference; lastKnownFileType = sourcecode.swift; path = Token.swift; sourceTree = "<group>"; };
		84D2340C2F8662A400C7DE80 /* AppTheme.swift */ = {isa = PBXFileReference; lastKnownFileType = sourcecode.swift; path = AppTheme.swift; sourceTree = "<group>"; };
		84DBE03D2F8E543900B44EA9 /* CardShadow.swift */ = {isa = PBXFileReference; lastKnownFileType = sourcecode.swift; path = CardShadow.swift; sourceTree = "<group>"; };
		84DBE03F2F8E629B00B44EA9 /* CommunityFundCard.swift */ = {isa = PBXFileReference; lastKnownFileType = sourcecode.swift; path = CommunityFundCard.swift; sourceTree = "<group>"; };
		84DBE0412F8E62AC00B44EA9 /* QuickPayCard.swift */ = {isa = PBXFileReference; lastKnownFileType = sourcecode.swift; path = QuickPayCard.swift; sourceTree = "<group>"; };
		84F0EFDA2F8F638B00DD98C5 /* NotificationsScreen.swift */ = {isa = PBXFileReference; lastKnownFileType = sourcecode.swift; path = NotificationsScreen.swift; sourceTree = "<group>"; };
		84F0EFDD2F8F915800DD98C5 /* ActivityScreen.swift */ = {isa = PBXFileReference; lastKnownFileType = sourcecode.swift; path = ActivityScreen.swift; sourceTree = "<group>"; };
		84F0EFDF2F8F93E200DD98C5 /* HomeCoordinator.swift */ = {isa = PBXFileReference; lastKnownFileType = sourcecode.swift; path = HomeCoordinator.swift; sourceTree = "<group>"; };
/* End PBXFileReference section */

/* Begin PBXFileSystemSynchronizedRootGroup section */
		84D233D32F865B8400C7DE80 /* DonaTests */ = {
			isa = PBXFileSystemSynchronizedRootGroup;
			path = DonaTests;
			sourceTree = "<group>";
		};
		84D233DD2F865B8400C7DE80 /* DonaUITests */ = {
			isa = PBXFileSystemSynchronizedRootGroup;
			path = DonaUITests;
			sourceTree = "<group>";
		};
/* End PBXFileSystemSynchronizedRootGroup section */

/* Begin PBXFrameworksBuildPhase section */
		84D233C02F865B8300C7DE80 /* Frameworks */ = {
			isa = PBXFrameworksBuildPhase;
			buildActionMask = 2147483647;
			files = (
				84D234022F865D7500C7DE80 /* KeychainSwift in Frameworks */,
				84D233FF2F865D3100C7DE80 /* Lottie in Frameworks */,
				84D233F82F865CFF00C7DE80 /* Moya in Frameworks */,
				84D233F62F865CFF00C7DE80 /* CombineMoya in Frameworks */,
				84D233FC2F865CFF00C7DE80 /* RxMoya in Frameworks */,
				84D233FA2F865CFF00C7DE80 /* ReactiveMoya in Frameworks */,
				84D234052F865E2C00C7DE80 /* FlowStacks in Frameworks */,
			);
			runOnlyForDeploymentPostprocessing = 0;
		};
		84D233CD2F865B8400C7DE80 /* Frameworks */ = {
			isa = PBXFrameworksBuildPhase;
			buildActionMask = 2147483647;
			files = (
			);
			runOnlyForDeploymentPostprocessing = 0;
		};
		84D233D72F865B8400C7DE80 /* Frameworks */ = {
			isa = PBXFrameworksBuildPhase;
			buildActionMask = 2147483647;
			files = (
			);
			runOnlyForDeploymentPostprocessing = 0;
		};
/* End PBXFrameworksBuildPhase section */

/* Begin PBXGroup section */
		4B3F73C32F8A831400406292 /* Pin */ = {
			isa = PBXGroup;
			children = (
				4B3F73C42F8A834500406292 /* PinScreen.swift */,
			);
			path = Pin;
			sourceTree = "<group>";
		};
		4B3F73D42F8A8B7600406292 /* AppServices */ = {
			isa = PBXGroup;
			children = (
				4B3F73D52F8A8B8F00406292 /* AuthenticationService.swift */,
			);
			path = AppServices;
			sourceTree = "<group>";
		};
		4B3F73DD2F8A8F1200406292 /* Authenticated */ = {
			isa = PBXGroup;
			children = (
				4B3F73DE2F8A8F1C00406292 /* AuthenticatedCoordinator.swift */,
			);
			path = Authenticated;
			sourceTree = "<group>";
		};
		4B3F73E02F8A908000406292 /* Home */ = {
			isa = PBXGroup;
			children = (
				84F0EFDF2F8F93E200DD98C5 /* HomeCoordinator.swift */,
				4B3F73E12F8A909100406292 /* HomeScreen.swift */,
				84F0EFD92F8F634800DD98C5 /* Notifications */,
				84F0EFDC2F8F914200DD98C5 /* Activity */,
			);
			path = Home;
			sourceTree = "<group>";
		};
		4B3F73E32F8A91E700406292 /* Splash */ = {
			isa = PBXGroup;
			children = (
				4B3F73E42F8A91F500406292 /* SplashScreen.swift */,
			);
			path = Splash;
			sourceTree = "<group>";
		};
		84CE15412F890F4E000E9552 /* Components */ = {
			isa = PBXGroup;
			children = (
				84CE15422F890F59000E9552 /* AppButton.swift */,
				84DBE03F2F8E629B00B44EA9 /* CommunityFundCard.swift */,
				84DBE0412F8E62AC00B44EA9 /* QuickPayCard.swift */,
			);
			path = Components;
			sourceTree = "<group>";
		};
		84CE15442F89117A000E9552 /* Helpers */ = {
			isa = PBXGroup;
			children = (
				84DBE03D2F8E543900B44EA9 /* CardShadow.swift */,
				84CE15482F891277000E9552 /* CustomSheet.swift */,
				84CE15452F89118C000E9552 /* AppBackgroundModifier.swift */,
			);
			path = Helpers;
			sourceTree = "<group>";
		};
		84CE15472F8911C2000E9552 /* Coordinators */ = {
			isa = PBXGroup;
			children = (
				84CE154A2F8912F7000E9552 /* States */,
				4B3F73E02F8A908000406292 /* Home */,
			);
			path = Coordinators;
			sourceTree = "<group>";
		};
		84CE154A2F8912F7000E9552 /* States */ = {
			isa = PBXGroup;
			children = (
				4B3F73D92F8A8D9200406292 /* AppCoordinator.swift */,
				84CE154B2F8912FE000E9552 /* Unauthenticated */,
				4B3F73DD2F8A8F1200406292 /* Authenticated */,
			);
			path = States;
			sourceTree = "<group>";
		};
		84CE154B2F8912FE000E9552 /* Unauthenticated */ = {
			isa = PBXGroup;
			children = (
				4B3F73DB2F8A8DBA00406292 /* UnauthenticatedCoordinator.swift */,
				84CE154E2F8913A7000E9552 /* UnauthenticatedViews */,
			);
			path = Unauthenticated;
			sourceTree = "<group>";
		};
		84CE154D2F89138F000E9552 /* Language */ = {
			isa = PBXGroup;
			children = (
				84D233EE2F865BC800C7DE80 /* LanguageOnboardingScreen.swift */,
			);
			path = Language;
			sourceTree = "<group>";
		};
		84CE154E2F8913A7000E9552 /* UnauthenticatedViews */ = {
			isa = PBXGroup;
			children = (
				4B3F73E32F8A91E700406292 /* Splash */,
				84CE154D2F89138F000E9552 /* Language */,
				84CE154F2F8913DD000E9552 /* LogIn */,
				84CE15522F891490000E9552 /* Verification */,
				4B3F73C32F8A831400406292 /* Pin */,
			);
			path = UnauthenticatedViews;
			sourceTree = "<group>";
		};
		84CE154F2F8913DD000E9552 /* LogIn */ = {
			isa = PBXGroup;
			children = (
				84CE15502F89148C000E9552 /* LogInScreen.swift */,
			);
			path = LogIn;
			sourceTree = "<group>";
		};
		84CE15522F891490000E9552 /* Verification */ = {
			isa = PBXGroup;
			children = (
				84CE15532F8914A6000E9552 /* VerificationScreen.swift */,
			);
			path = Verification;
			sourceTree = "<group>";
		};
		84D233BA2F865B8300C7DE80 = {
			isa = PBXGroup;
			children = (
				84D233F02F865BC800C7DE80 /* Dona */,
				84D233D32F865B8400C7DE80 /* DonaTests */,
				84D233DD2F865B8400C7DE80 /* DonaUITests */,
				84D233C42F865B8300C7DE80 /* Products */,
			);
			sourceTree = "<group>";
		};
		84D233C42F865B8300C7DE80 /* Products */ = {
			isa = PBXGroup;
			children = (
				84D233C32F865B8300C7DE80 /* Dona.app */,
				84D233D02F865B8400C7DE80 /* DonaTests.xctest */,
				84D233DA2F865B8400C7DE80 /* DonaUITests.xctest */,
			);
			name = Products;
			sourceTree = "<group>";
		};
		84D233F02F865BC800C7DE80 /* Dona */ = {
			isa = PBXGroup;
			children = (
				84CE15552F892226000E9552 /* Info.plist */,
				84D233EF2F865BC800C7DE80 /* DonaApp.swift */,
				84CE15472F8911C2000E9552 /* Coordinators */,
				84D234062F865F7200C7DE80 /* Constants */,
				84CE15412F890F4E000E9552 /* Components */,
				84CE15442F89117A000E9552 /* Helpers */,
				4B3F73D42F8A8B7600406292 /* AppServices */,
				84D234092F86626500C7DE80 /* ColorTokens */,
				84D233ED2F865BC800C7DE80 /* Assets.xcassets */,
			);
			path = Dona;
			sourceTree = "<group>";
		};
		84D234062F865F7200C7DE80 /* Constants */ = {
			isa = PBXGroup;
			children = (
				84D2340C2F8662A400C7DE80 /* AppTheme.swift */,
				84D234072F865F8800C7DE80 /* AppFont.swift */,
			);
			path = Constants;
			sourceTree = "<group>";
		};
		84D234092F86626500C7DE80 /* ColorTokens */ = {
			isa = PBXGroup;
			children = (
				84D2340A2F86627900C7DE80 /* Token.swift */,
			);
			path = ColorTokens;
			sourceTree = "<group>";
		};
		84F0EFD92F8F634800DD98C5 /* Notifications */ = {
			isa = PBXGroup;
			children = (
				84F0EFDA2F8F638B00DD98C5 /* NotificationsScreen.swift */,
			);
			path = Notifications;
			sourceTree = "<group>";
		};
		84F0EFDC2F8F914200DD98C5 /* Activity */ = {
			isa = PBXGroup;
			children = (
				84F0EFDD2F8F915800DD98C5 /* ActivityScreen.swift */,
			);
			path = Activity;
			sourceTree = "<group>";
		};
/* End PBXGroup section */

/* Begin PBXNativeTarget section */
		84D233C22F865B8300C7DE80 /* Dona */ = {
			isa = PBXNativeTarget;
			buildConfigurationList = 84D233E42F865B8400C7DE80 /* Build configuration list for PBXNativeTarget "Dona" */;
			buildPhases = (
				84D233BF2F865B8300C7DE80 /* Sources */,
				84D233C02F865B8300C7DE80 /* Frameworks */,
				84D233C12F865B8300C7DE80 /* Resources */,
			);
			buildRules = (
			);
			dependencies = (
			);
			name = Dona;
			packageProductDependencies = (
				84D233F52F865CFF00C7DE80 /* CombineMoya */,
				84D233F72F865CFF00C7DE80 /* Moya */,
				84D233F92F865CFF00C7DE80 /* ReactiveMoya */,
				84D233FB2F865CFF00C7DE80 /* RxMoya */,
				84D233FE2F865D3100C7DE80 /* Lottie */,
				84D234012F865D7500C7DE80 /* KeychainSwift */,
				84D234042F865E2C00C7DE80 /* FlowStacks */,
			);
			productName = Dona;
			productReference = 84D233C32F865B8300C7DE80 /* Dona.app */;
			productType = "com.apple.product-type.application";
		};
		84D233CF2F865B8400C7DE80 /* DonaTests */ = {
			isa = PBXNativeTarget;
			buildConfigurationList = 84D233E72F865B8400C7DE80 /* Build configuration list for PBXNativeTarget "DonaTests" */;
			buildPhases = (
				84D233CC2F865B8400C7DE80 /* Sources */,
				84D233CD2F865B8400C7DE80 /* Frameworks */,
				84D233CE2F865B8400C7DE80 /* Resources */,
			);
			buildRules = (
			);
			dependencies = (
				84D233D22F865B8400C7DE80 /* PBXTargetDependency */,
			);
			fileSystemSynchronizedGroups = (
				84D233D32F865B8400C7DE80 /* DonaTests */,
			);
			name = DonaTests;
			packageProductDependencies = (
			);
			productName = DonaTests;
			productReference = 84D233D02F865B8400C7DE80 /* DonaTests.xctest */;
			productType = "com.apple.product-type.bundle.unit-test";
		};
		84D233D92F865B8400C7DE80 /* DonaUITests */ = {
			isa = PBXNativeTarget;
			buildConfigurationList = 84D233EA2F865B8400C7DE80 /* Build configuration list for PBXNativeTarget "DonaUITests" */;
			buildPhases = (
				84D233D62F865B8400C7DE80 /* Sources */,
				84D233D72F865B8400C7DE80 /* Frameworks */,
				84D233D82F865B8400C7DE80 /* Resources */,
			);
			buildRules = (
			);
			dependencies = (
				84D233DC2F865B8400C7DE80 /* PBXTargetDependency */,
			);
			fileSystemSynchronizedGroups = (
				84D233DD2F865B8400C7DE80 /* DonaUITests */,
			);
			name = DonaUITests;
			packageProductDependencies = (
			);
			productName = DonaUITests;
			productReference = 84D233DA2F865B8400C7DE80 /* DonaUITests.xctest */;
			productType = "com.apple.product-type.bundle.ui-testing";
		};
/* End PBXNativeTarget section */

/* Begin PBXProject section */
		84D233BB2F865B8300C7DE80 /* Project object */ = {
			isa = PBXProject;
			attributes = {
				BuildIndependentTargetsInParallel = 1;
				LastSwiftUpdateCheck = 2600;
				LastUpgradeCheck = 2600;
				TargetAttributes = {
					84D233C22F865B8300C7DE80 = {
						CreatedOnToolsVersion = 26.0.1;
					};
					84D233CF2F865B8400C7DE80 = {
						CreatedOnToolsVersion = 26.0.1;
						TestTargetID = 84D233C22F865B8300C7DE80;
					};
					84D233D92F865B8400C7DE80 = {
						CreatedOnToolsVersion = 26.0.1;
						TestTargetID = 84D233C22F865B8300C7DE80;
					};
				};
			};
			buildConfigurationList = 84D233BE2F865B8300C7DE80 /* Build configuration list for PBXProject "Dona" */;
			developmentRegion = en;
			hasScannedForEncodings = 0;
			knownRegions = (
				en,
				Base,
			);
			mainGroup = 84D233BA2F865B8300C7DE80;
			minimizedProjectReferenceProxies = 1;
			packageReferences = (
				84D233F42F865CFF00C7DE80 /* XCRemoteSwiftPackageReference "Moya" */,
				84D233FD2F865D3100C7DE80 /* XCRemoteSwiftPackageReference "lottie-spm" */,
				84D234002F865D7500C7DE80 /* XCRemoteSwiftPackageReference "keychain-swift" */,
				84D234032F865E2C00C7DE80 /* XCRemoteSwiftPackageReference "FlowStacks" */,
			);
			preferredProjectObjectVersion = 77;
			productRefGroup = 84D233C42F865B8300C7DE80 /* Products */;
			projectDirPath = "";
			projectRoot = "";
			targets = (
				84D233C22F865B8300C7DE80 /* Dona */,
				84D233CF2F865B8400C7DE80 /* DonaTests */,
				84D233D92F865B8400C7DE80 /* DonaUITests */,
			);
		};
/* End PBXProject section */

/* Begin PBXResourcesBuildPhase section */
		84D233C12F865B8300C7DE80 /* Resources */ = {
			isa = PBXResourcesBuildPhase;
			buildActionMask = 2147483647;
			files = (
				84D233F32F865BC800C7DE80 /* Assets.xcassets in Resources */,
			);
			runOnlyForDeploymentPostprocessing = 0;
		};
		84D233CE2F865B8400C7DE80 /* Resources */ = {
			isa = PBXResourcesBuildPhase;
			buildActionMask = 2147483647;
			files = (
			);
			runOnlyForDeploymentPostprocessing = 0;
		};
		84D233D82F865B8400C7DE80 /* Resources */ = {
			isa = PBXResourcesBuildPhase;
			buildActionMask = 2147483647;
			files = (
			);
			runOnlyForDeploymentPostprocessing = 0;
		};
/* End PBXResourcesBuildPhase section */

/* Begin PBXSourcesBuildPhase section */
		84D233BF2F865B8300C7DE80 /* Sources */ = {
			isa = PBXSourcesBuildPhase;
			buildActionMask = 2147483647;
			files = (
				4B3F73C52F8A834500406292 /* PinScreen.swift in Sources */,
				84CE15432F890F59000E9552 /* AppButton.swift in Sources */,
				4B3F73DC2F8A8DBA00406292 /* UnauthenticatedCoordinator.swift in Sources */,
				4B3F73DA2F8A8D9200406292 /* AppCoordinator.swift in Sources */,
				84F0EFDE2F8F915800DD98C5 /* ActivityScreen.swift in Sources */,
				4B3F73E22F8A909100406292 /* HomeScreen.swift in Sources */,
				84CE15512F89148C000E9552 /* LogInScreen.swift in Sources */,
				4B3F73DF2F8A8F1C00406292 /* AuthenticatedCoordinator.swift in Sources */,
				4B3F73D62F8A8B8F00406292 /* AuthenticationService.swift in Sources */,
				84D233F12F865BC800C7DE80 /* LanguageOnboardingScreen.swift in Sources */,
				84F0EFDB2F8F638B00DD98C5 /* NotificationsScreen.swift in Sources */,
				4B3F73E52F8A91F500406292 /* SplashScreen.swift in Sources */,
				84CE15462F89118C000E9552 /* AppBackgroundModifier.swift in Sources */,
				84D233F22F865BC800C7DE80 /* DonaApp.swift in Sources */,
				84DBE0402F8E629B00B44EA9 /* CommunityFundCard.swift in Sources */,
				84D234082F865F8800C7DE80 /* AppFont.swift in Sources */,
				84F0EFE02F8F93E200DD98C5 /* HomeCoordinator.swift in Sources */,
				84D2340B2F86627900C7DE80 /* Token.swift in Sources */,
				84CE15492F891277000E9552 /* CustomSheet.swift in Sources */,
				84DBE03E2F8E543900B44EA9 /* CardShadow.swift in Sources */,
				84CE15542F8914A6000E9552 /* VerificationScreen.swift in Sources */,
				84DBE0422F8E62AC00B44EA9 /* QuickPayCard.swift in Sources */,
				84D2340D2F8662A400C7DE80 /* AppTheme.swift in Sources */,
			);
			runOnlyForDeploymentPostprocessing = 0;
		};
		84D233CC2F865B8400C7DE80 /* Sources */ = {
			isa = PBXSourcesBuildPhase;
			buildActionMask = 2147483647;
			files = (
			);
			runOnlyForDeploymentPostprocessing = 0;
		};
		84D233D62F865B8400C7DE80 /* Sources */ = {
			isa = PBXSourcesBuildPhase;
			buildActionMask = 2147483647;
			files = (
			);
			runOnlyForDeploymentPostprocessing = 0;
		};
/* End PBXSourcesBuildPhase section */

/* Begin PBXTargetDependency section */
		84D233D22F865B8400C7DE80 /* PBXTargetDependency */ = {
			isa = PBXTargetDependency;
			target = 84D233C22F865B8300C7DE80 /* Dona */;
			targetProxy = 84D233D12F865B8400C7DE80 /* PBXContainerItemProxy */;
		};
		84D233DC2F865B8400C7DE80 /* PBXTargetDependency */ = {
			isa = PBXTargetDependency;
			target = 84D233C22F865B8300C7DE80 /* Dona */;
			targetProxy = 84D233DB2F865B8400C7DE80 /* PBXContainerItemProxy */;
		};
/* End PBXTargetDependency section */

/* Begin XCBuildConfiguration section */
		84D233E22F865B8400C7DE80 /* Debug */ = {
			isa = XCBuildConfiguration;
			buildSettings = {
				ALWAYS_SEARCH_USER_PATHS = NO;
				ASSETCATALOG_COMPILER_GENERATE_SWIFT_ASSET_SYMBOL_EXTENSIONS = YES;
				CLANG_ANALYZER_NONNULL = YES;
				CLANG_ANALYZER_NUMBER_OBJECT_CONVERSION = YES_AGGRESSIVE;
				CLANG_CXX_LANGUAGE_STANDARD = "gnu++20";
				CLANG_ENABLE_MODULES = YES;
				CLANG_ENABLE_OBJC_ARC = YES;
				CLANG_ENABLE_OBJC_WEAK = YES;
				CLANG_WARN_BLOCK_CAPTURE_AUTORELEASING = YES;
				CLANG_WARN_BOOL_CONVERSION = YES;
				CLANG_WARN_COMMA = YES;
				CLANG_WARN_CONSTANT_CONVERSION = YES;
				CLANG_WARN_DEPRECATED_OBJC_IMPLEMENTATIONS = YES;
				CLANG_WARN_DIRECT_OBJC_ISA_USAGE = YES_ERROR;
				CLANG_WARN_DOCUMENTATION_COMMENTS = YES;
				CLANG_WARN_EMPTY_BODY = YES;
				CLANG_WARN_ENUM_CONVERSION = YES;
				CLANG_WARN_INFINITE_RECURSION = YES;
				CLANG_WARN_INT_CONVERSION = YES;
				CLANG_WARN_NON_LITERAL_NULL_CONVERSION = YES;
				CLANG_WARN_OBJC_IMPLICIT_RETAIN_SELF = YES;
				CLANG_WARN_OBJC_LITERAL_CONVERSION = YES;
				CLANG_WARN_OBJC_ROOT_CLASS = YES_ERROR;
				CLANG_WARN_QUOTED_INCLUDE_IN_FRAMEWORK_HEADER = YES;
				CLANG_WARN_RANGE_LOOP_ANALYSIS = YES;
				CLANG_WARN_STRICT_PROTOTYPES = YES;
				CLANG_WARN_SUSPICIOUS_MOVE = YES;
				CLANG_WARN_UNGUARDED_AVAILABILITY = YES_AGGRESSIVE;
				CLANG_WARN_UNREACHABLE_CODE = YES;
				CLANG_WARN__DUPLICATE_METHOD_MATCH = YES;
				COPY_PHASE_STRIP = NO;
				DEBUG_INFORMATION_FORMAT = dwarf;
				ENABLE_STRICT_OBJC_MSGSEND = YES;
				ENABLE_TESTABILITY = YES;
				ENABLE_USER_SCRIPT_SANDBOXING = YES;
				GCC_C_LANGUAGE_STANDARD = gnu17;
				GCC_DYNAMIC_NO_PIC = NO;
				GCC_NO_COMMON_BLOCKS = YES;
				GCC_OPTIMIZATION_LEVEL = 0;
				GCC_PREPROCESSOR_DEFINITIONS = (
					"DEBUG=1",
					"$(inherited)",
				);
				GCC_WARN_64_TO_32_BIT_CONVERSION = YES;
				GCC_WARN_ABOUT_RETURN_TYPE = YES_ERROR;
				GCC_WARN_UNDECLARED_SELECTOR = YES;
				GCC_WARN_UNINITIALIZED_AUTOS = YES_AGGRESSIVE;
				GCC_WARN_UNUSED_FUNCTION = YES;
				GCC_WARN_UNUSED_VARIABLE = YES;
				IPHONEOS_DEPLOYMENT_TARGET = 26.0;
				LOCALIZATION_PREFERS_STRING_CATALOGS = YES;
				MTL_ENABLE_DEBUG_INFO = INCLUDE_SOURCE;
				MTL_FAST_MATH = YES;
				ONLY_ACTIVE_ARCH = YES;
				SDKROOT = iphoneos;
				SWIFT_ACTIVE_COMPILATION_CONDITIONS = "DEBUG $(inherited)";
				SWIFT_OPTIMIZATION_LEVEL = "-Onone";
			};
			name = Debug;
		};
		84D233E32F865B8400C7DE80 /* Release */ = {
			isa = XCBuildConfiguration;
			buildSettings = {
				ALWAYS_SEARCH_USER_PATHS = NO;
				ASSETCATALOG_COMPILER_GENERATE_SWIFT_ASSET_SYMBOL_EXTENSIONS = YES;
				CLANG_ANALYZER_NONNULL = YES;
				CLANG_ANALYZER_NUMBER_OBJECT_CONVERSION = YES_AGGRESSIVE;
				CLANG_CXX_LANGUAGE_STANDARD = "gnu++20";
				CLANG_ENABLE_MODULES = YES;
				CLANG_ENABLE_OBJC_ARC = YES;
				CLANG_ENABLE_OBJC_WEAK = YES;
				CLANG_WARN_BLOCK_CAPTURE_AUTORELEASING = YES;
				CLANG_WARN_BOOL_CONVERSION = YES;
				CLANG_WARN_COMMA = YES;
				CLANG_WARN_CONSTANT_CONVERSION = YES;
				CLANG_WARN_DEPRECATED_OBJC_IMPLEMENTATIONS = YES;
				CLANG_WARN_DIRECT_OBJC_ISA_USAGE = YES_ERROR;
				CLANG_WARN_DOCUMENTATION_COMMENTS = YES;
				CLANG_WARN_EMPTY_BODY = YES;
				CLANG_WARN_ENUM_CONVERSION = YES;
				CLANG_WARN_INFINITE_RECURSION = YES;
				CLANG_WARN_INT_CONVERSION = YES;
				CLANG_WARN_NON_LITERAL_NULL_CONVERSION = YES;
				CLANG_WARN_OBJC_IMPLICIT_RETAIN_SELF = YES;
				CLANG_WARN_OBJC_LITERAL_CONVERSION = YES;
				CLANG_WARN_OBJC_ROOT_CLASS = YES_ERROR;
				CLANG_WARN_QUOTED_INCLUDE_IN_FRAMEWORK_HEADER = YES;
				CLANG_WARN_RANGE_LOOP_ANALYSIS = YES;
				CLANG_WARN_STRICT_PROTOTYPES = YES;
				CLANG_WARN_SUSPICIOUS_MOVE = YES;
				CLANG_WARN_UNGUARDED_AVAILABILITY = YES_AGGRESSIVE;
				CLANG_WARN_UNREACHABLE_CODE = YES;
				CLANG_WARN__DUPLICATE_METHOD_MATCH = YES;
				COPY_PHASE_STRIP = NO;
				DEBUG_INFORMATION_FORMAT = "dwarf-with-dsym";
				ENABLE_NS_ASSERTIONS = NO;
				ENABLE_STRICT_OBJC_MSGSEND = YES;
				ENABLE_USER_SCRIPT_SANDBOXING = YES;
				GCC_C_LANGUAGE_STANDARD = gnu17;
				GCC_NO_COMMON_BLOCKS = YES;
				GCC_WARN_64_TO_32_BIT_CONVERSION = YES;
				GCC_WARN_ABOUT_RETURN_TYPE = YES_ERROR;
				GCC_WARN_UNDECLARED_SELECTOR = YES;
				GCC_WARN_UNINITIALIZED_AUTOS = YES_AGGRESSIVE;
				GCC_WARN_UNUSED_FUNCTION = YES;
				GCC_WARN_UNUSED_VARIABLE = YES;
				IPHONEOS_DEPLOYMENT_TARGET = 26.0;
				LOCALIZATION_PREFERS_STRING_CATALOGS = YES;
				MTL_ENABLE_DEBUG_INFO = NO;
				MTL_FAST_MATH = YES;
				SDKROOT = iphoneos;
				SWIFT_COMPILATION_MODE = wholemodule;
				VALIDATE_PRODUCT = YES;
			};
			name = Release;
		};
		84D233E52F865B8400C7DE80 /* Debug */ = {
			isa = XCBuildConfiguration;
			buildSettings = {
				ASSETCATALOG_COMPILER_APPICON_NAME = AppIcon;
				ASSETCATALOG_COMPILER_GLOBAL_ACCENT_COLOR_NAME = AccentColor;
				CODE_SIGN_STYLE = Automatic;
				CURRENT_PROJECT_VERSION = 1;
				DEVELOPMENT_TEAM = WA5ETF4855;
				ENABLE_PREVIEWS = YES;
				GENERATE_INFOPLIST_FILE = YES;
				INFOPLIST_FILE = Dona/Info.plist;
				INFOPLIST_KEY_LSApplicationCategoryType = "public.app-category.finance";
				INFOPLIST_KEY_UIApplicationSceneManifest_Generation = YES;
				INFOPLIST_KEY_UIApplicationSupportsIndirectInputEvents = YES;
				INFOPLIST_KEY_UILaunchScreen_Generation = YES;
				INFOPLIST_KEY_UISupportedInterfaceOrientations = UIInterfaceOrientationPortrait;
				INFOPLIST_KEY_UIUserInterfaceStyle = Light;
				IPHONEOS_DEPLOYMENT_TARGET = 15.6;
				LD_RUNPATH_SEARCH_PATHS = (
					"$(inherited)",
					"@executable_path/Frameworks",
				);
				MARKETING_VERSION = 1.0;
				PRODUCT_BUNDLE_IDENTIFIER = com.DonaCorp.Dona;
				PRODUCT_NAME = "$(TARGET_NAME)";
				STRING_CATALOG_GENERATE_SYMBOLS = YES;
				SWIFT_APPROACHABLE_CONCURRENCY = YES;
				SWIFT_DEFAULT_ACTOR_ISOLATION = MainActor;
				SWIFT_EMIT_LOC_STRINGS = YES;
				SWIFT_UPCOMING_FEATURE_MEMBER_IMPORT_VISIBILITY = YES;
				SWIFT_VERSION = 5.0;
				TARGETED_DEVICE_FAMILY = "1,2";
			};
			name = Debug;
		};
		84D233E62F865B8400C7DE80 /* Release */ = {
			isa = XCBuildConfiguration;
			buildSettings = {
				ASSETCATALOG_COMPILER_APPICON_NAME = AppIcon;
				ASSETCATALOG_COMPILER_GLOBAL_ACCENT_COLOR_NAME = AccentColor;
				CODE_SIGN_STYLE = Automatic;
				CURRENT_PROJECT_VERSION = 1;
				DEVELOPMENT_TEAM = WA5ETF4855;
				ENABLE_PREVIEWS = YES;
				GENERATE_INFOPLIST_FILE = YES;
				INFOPLIST_FILE = Dona/Info.plist;
				INFOPLIST_KEY_LSApplicationCategoryType = "public.app-category.finance";
				INFOPLIST_KEY_UIApplicationSceneManifest_Generation = YES;
				INFOPLIST_KEY_UIApplicationSupportsIndirectInputEvents = YES;
				INFOPLIST_KEY_UILaunchScreen_Generation = YES;
				INFOPLIST_KEY_UISupportedInterfaceOrientations = UIInterfaceOrientationPortrait;
				INFOPLIST_KEY_UIUserInterfaceStyle = Light;
				IPHONEOS_DEPLOYMENT_TARGET = 15.6;
				LD_RUNPATH_SEARCH_PATHS = (
					"$(inherited)",
					"@executable_path/Frameworks",
				);
				MARKETING_VERSION = 1.0;
				PRODUCT_BUNDLE_IDENTIFIER = com.DonaCorp.Dona;
				PRODUCT_NAME = "$(TARGET_NAME)";
				STRING_CATALOG_GENERATE_SYMBOLS = YES;
				SWIFT_APPROACHABLE_CONCURRENCY = YES;
				SWIFT_DEFAULT_ACTOR_ISOLATION = MainActor;
				SWIFT_EMIT_LOC_STRINGS = YES;
				SWIFT_UPCOMING_FEATURE_MEMBER_IMPORT_VISIBILITY = YES;
				SWIFT_VERSION = 5.0;
				TARGETED_DEVICE_FAMILY = "1,2";
			};
			name = Release;
		};
		84D233E82F865B8400C7DE80 /* Debug */ = {
			isa = XCBuildConfiguration;
			buildSettings = {
				BUNDLE_LOADER = "$(TEST_HOST)";
				CODE_SIGN_STYLE = Automatic;
				CURRENT_PROJECT_VERSION = 1;
				GENERATE_INFOPLIST_FILE = YES;
				IPHONEOS_DEPLOYMENT_TARGET = 26.0;
				MARKETING_VERSION = 1.0;
				PRODUCT_BUNDLE_IDENTIFIER = com.DonaCorp.DonaTests;
				PRODUCT_NAME = "$(TARGET_NAME)";
				STRING_CATALOG_GENERATE_SYMBOLS = NO;
				SWIFT_APPROACHABLE_CONCURRENCY = YES;
				SWIFT_EMIT_LOC_STRINGS = NO;
				SWIFT_UPCOMING_FEATURE_MEMBER_IMPORT_VISIBILITY = YES;
				SWIFT_VERSION = 5.0;
				TARGETED_DEVICE_FAMILY = "1,2";
				TEST_HOST = "$(BUILT_PRODUCTS_DIR)/Dona.app/$(BUNDLE_EXECUTABLE_FOLDER_PATH)/Dona";
			};
			name = Debug;
		};
		84D233E92F865B8400C7DE80 /* Release */ = {
			isa = XCBuildConfiguration;
			buildSettings = {
				BUNDLE_LOADER = "$(TEST_HOST)";
				CODE_SIGN_STYLE = Automatic;
				CURRENT_PROJECT_VERSION = 1;
				GENERATE_INFOPLIST_FILE = YES;
				IPHONEOS_DEPLOYMENT_TARGET = 26.0;
				MARKETING_VERSION = 1.0;
				PRODUCT_BUNDLE_IDENTIFIER = com.DonaCorp.DonaTests;
				PRODUCT_NAME = "$(TARGET_NAME)";
				STRING_CATALOG_GENERATE_SYMBOLS = NO;
				SWIFT_APPROACHABLE_CONCURRENCY = YES;
				SWIFT_EMIT_LOC_STRINGS = NO;
				SWIFT_UPCOMING_FEATURE_MEMBER_IMPORT_VISIBILITY = YES;
				SWIFT_VERSION = 5.0;
				TARGETED_DEVICE_FAMILY = "1,2";
				TEST_HOST = "$(BUILT_PRODUCTS_DIR)/Dona.app/$(BUNDLE_EXECUTABLE_FOLDER_PATH)/Dona";
			};
			name = Release;
		};
		84D233EB2F865B8400C7DE80 /* Debug */ = {
			isa = XCBuildConfiguration;
			buildSettings = {
				CODE_SIGN_STYLE = Automatic;
				CURRENT_PROJECT_VERSION = 1;
				GENERATE_INFOPLIST_FILE = YES;
				MARKETING_VERSION = 1.0;
				PRODUCT_BUNDLE_IDENTIFIER = com.DonaCorp.DonaUITests;
				PRODUCT_NAME = "$(TARGET_NAME)";
				STRING_CATALOG_GENERATE_SYMBOLS = NO;
				SWIFT_APPROACHABLE_CONCURRENCY = YES;
				SWIFT_EMIT_LOC_STRINGS = NO;
				SWIFT_UPCOMING_FEATURE_MEMBER_IMPORT_VISIBILITY = YES;
				SWIFT_VERSION = 5.0;
				TARGETED_DEVICE_FAMILY = "1,2";
				TEST_TARGET_NAME = Dona;
			};
			name = Debug;
		};
		84D233EC2F865B8400C7DE80 /* Release */ = {
			isa = XCBuildConfiguration;
			buildSettings = {
				CODE_SIGN_STYLE = Automatic;
				CURRENT_PROJECT_VERSION = 1;
				GENERATE_INFOPLIST_FILE = YES;
				MARKETING_VERSION = 1.0;
				PRODUCT_BUNDLE_IDENTIFIER = com.DonaCorp.DonaUITests;
				PRODUCT_NAME = "$(TARGET_NAME)";
				STRING_CATALOG_GENERATE_SYMBOLS = NO;
				SWIFT_APPROACHABLE_CONCURRENCY = YES;
				SWIFT_EMIT_LOC_STRINGS = NO;
				SWIFT_UPCOMING_FEATURE_MEMBER_IMPORT_VISIBILITY = YES;
				SWIFT_VERSION = 5.0;
				TARGETED_DEVICE_FAMILY = "1,2";
				TEST_TARGET_NAME = Dona;
			};
			name = Release;
		};
/* End XCBuildConfiguration section */

/* Begin XCConfigurationList section */
		84D233BE2F865B8300C7DE80 /* Build configuration list for PBXProject "Dona" */ = {
			isa = XCConfigurationList;
			buildConfigurations = (
				84D233E22F865B8400C7DE80 /* Debug */,
				84D233E32F865B8400C7DE80 /* Release */,
			);
			defaultConfigurationIsVisible = 0;
			defaultConfigurationName = Release;
		};
		84D233E42F865B8400C7DE80 /* Build configuration list for PBXNativeTarget "Dona" */ = {
			isa = XCConfigurationList;
			buildConfigurations = (
				84D233E52F865B8400C7DE80 /* Debug */,
				84D233E62F865B8400C7DE80 /* Release */,
			);
			defaultConfigurationIsVisible = 0;
			defaultConfigurationName = Release;
		};
		84D233E72F865B8400C7DE80 /* Build configuration list for PBXNativeTarget "DonaTests" */ = {
			isa = XCConfigurationList;
			buildConfigurations = (
				84D233E82F865B8400C7DE80 /* Debug */,
				84D233E92F865B8400C7DE80 /* Release */,
			);
			defaultConfigurationIsVisible = 0;
			defaultConfigurationName = Release;
		};
		84D233EA2F865B8400C7DE80 /* Build configuration list for PBXNativeTarget "DonaUITests" */ = {
			isa = XCConfigurationList;
			buildConfigurations = (
				84D233EB2F865B8400C7DE80 /* Debug */,
				84D233EC2F865B8400C7DE80 /* Release */,
			);
			defaultConfigurationIsVisible = 0;
			defaultConfigurationName = Release;
		};
/* End XCConfigurationList section */

/* Begin XCRemoteSwiftPackageReference section */
		84D233F42F865CFF00C7DE80 /* XCRemoteSwiftPackageReference "Moya" */ = {
			isa = XCRemoteSwiftPackageReference;
			repositoryURL = "https://github.com/Moya/Moya.git";
			requirement = {
				kind = upToNextMajorVersion;
				minimumVersion = 15.0.3;
			};
		};
		84D233FD2F865D3100C7DE80 /* XCRemoteSwiftPackageReference "lottie-spm" */ = {
			isa = XCRemoteSwiftPackageReference;
			repositoryURL = "https://github.com/airbnb/lottie-spm";
			requirement = {
				kind = upToNextMajorVersion;
				minimumVersion = 4.6.0;
			};
		};
		84D234002F865D7500C7DE80 /* XCRemoteSwiftPackageReference "keychain-swift" */ = {
			isa = XCRemoteSwiftPackageReference;
			repositoryURL = "https://github.com/evgenyneu/keychain-swift.git";
			requirement = {
				kind = upToNextMajorVersion;
				minimumVersion = 24.0.0;
			};
		};
		84D234032F865E2C00C7DE80 /* XCRemoteSwiftPackageReference "FlowStacks" */ = {
			isa = XCRemoteSwiftPackageReference;
			repositoryURL = "https://github.com/johnpatrickmorgan/FlowStacks.git";
			requirement = {
				kind = upToNextMajorVersion;
				minimumVersion = 0.10.12;
			};
		};
/* End XCRemoteSwiftPackageReference section */

/* Begin XCSwiftPackageProductDependency section */
		84D233F52F865CFF00C7DE80 /* CombineMoya */ = {
			isa = XCSwiftPackageProductDependency;
			package = 84D233F42F865CFF00C7DE80 /* XCRemoteSwiftPackageReference "Moya" */;
			productName = CombineMoya;
		};
		84D233F72F865CFF00C7DE80 /* Moya */ = {
			isa = XCSwiftPackageProductDependency;
			package = 84D233F42F865CFF00C7DE80 /* XCRemoteSwiftPackageReference "Moya" */;
			productName = Moya;
		};
		84D233F92F865CFF00C7DE80 /* ReactiveMoya */ = {
			isa = XCSwiftPackageProductDependency;
			package = 84D233F42F865CFF00C7DE80 /* XCRemoteSwiftPackageReference "Moya" */;
			productName = ReactiveMoya;
		};
		84D233FB2F865CFF00C7DE80 /* RxMoya */ = {
			isa = XCSwiftPackageProductDependency;
			package = 84D233F42F865CFF00C7DE80 /* XCRemoteSwiftPackageReference "Moya" */;
			productName = RxMoya;
		};
		84D233FE2F865D3100C7DE80 /* Lottie */ = {
			isa = XCSwiftPackageProductDependency;
			package = 84D233FD2F865D3100C7DE80 /* XCRemoteSwiftPackageReference "lottie-spm" */;
			productName = Lottie;
		};
		84D234012F865D7500C7DE80 /* KeychainSwift */ = {
			isa = XCSwiftPackageProductDependency;
			package = 84D234002F865D7500C7DE80 /* XCRemoteSwiftPackageReference "keychain-swift" */;
			productName = KeychainSwift;
		};
		84D234042F865E2C00C7DE80 /* FlowStacks */ = {
			isa = XCSwiftPackageProductDependency;
			package = 84D234032F865E2C00C7DE80 /* XCRemoteSwiftPackageReference "FlowStacks" */;
			productName = FlowStacks;
		};
/* End XCSwiftPackageProductDependency section */
	};
	rootObject = 84D233BB2F865B8300C7DE80 /* Project object */;
}
